{
  "name": "commercial-projects",
  "lockfileVersion": 3,
  "requires": true,
  "packages": {
    "": {
      "dependencies": {
        "cypress-each": "^1.13.1"
      }
    },
    "node_modules/cypress-each": {
      "version": "1.13.1",
      "resolved": "https://registry.npmjs.org/cypress-each/-/cypress-each-1.13.1.tgz",
      "integrity": "sha512-YbVfrjk4gWTDLOV8YAb3tA6ovQiyl90zvl4M7aLADD0aUBei6nOSXI7xu6LVgLlVcLkM4jRSS2jBIiifauGgpQ=="
    }
  }
}
